{
  "name": "Vue",
  "lockfileVersion": 2,
  "requires": true,
  "packages": {
    "": {
      "dependencies": {
        "@vuelidate/core": "^2.0.0-alpha.32",
        "@vuelidate/validators": "^2.0.0-alpha.25",
        "vuex": "^3.6.2"
      }
    },
    "node_modules/@vuelidate/core": {
      "version": "2.0.0-alpha.32",
      "resolved": "https://registry.npmjs.org/@vuelidate/core/-/core-2.0.0-alpha.32.tgz",
      "integrity": "sha512-bB5YJzorKZyRm+R4d3svGChwpHjPw+ECOLwlKfvKJIuyC+y25Wf7NGbr/9odZggoGTi/rKPUYXhpbp5RXb4ssw==",
      "dependencies": {
        "vue-demi": "^0.12.0"
      }
    },
    "node_modules/@vuelidate/validators": {
      "version": "2.0.0-alpha.25",
      "resolved": "https://registry.npmjs.org/@vuelidate/validators/-/validators-2.0.0-alpha.25.tgz",
      "integrity": "sha512-+Cz9itIlPbloXE8hWmTWCS/EXYdgZ0y/mH76v9Ou0ILirVUjErTtgEx/jCfkijbFJAttBTdwJmxaWakwQuA0qA==",
      "dependencies": {
        "vue-demi": "^0.12.0"
      }
    },
    "node_modules/vue": {
      "version": "2.6.14",
      "resolved": "https://registry.npmjs.org/vue/-/vue-2.6.14.tgz",
      "integrity": "sha512-x2284lgYvjOMj3Za7kqzRcUSxBboHqtgRE2zlos1qWaOye5yUmHn42LB1250NJBLRwEcdrB0JRwyPTEPhfQjiQ==",
      "peer": true
    },
    "node_modules/vue-demi": {
      "version": "0.12.1",
      "resolved": "https://registry.npmjs.org/vue-demi/-/vue-demi-0.12.1.tgz",
      "integrity": "sha512-QL3ny+wX8c6Xm1/EZylbgzdoDolye+VpCXRhI2hug9dJTP3OUJ3lmiKN3CsVV3mOJKwFi0nsstbgob0vG7aoIw==",
      "hasInstallScript": true,
      "bin": {
        "vue-demi-fix": "bin/vue-demi-fix.js",
        "vue-demi-switch": "bin/vue-demi-switch.js"
      },
      "engines": {
        "node": ">=12"
      },
      "funding": {
        "url": "https://github.com/sponsors/antfu"
      },
      "peerDependencies": {
        "@vue/composition-api": "^1.0.0-rc.1",
        "vue": "^3.0.0-0 || ^2.6.0"
      },
      "peerDependenciesMeta": {
        "@vue/composition-api": {
          "optional": true
        }
      }
    },
    "node_modules/vuex": {
      "version": "3.6.2",
      "resolved": "https://registry.npmjs.org/vuex/-/vuex-3.6.2.tgz",
      "integrity": "sha512-ETW44IqCgBpVomy520DT5jf8n0zoCac+sxWnn+hMe/CzaSejb/eVw2YToiXYX+Ex/AuHHia28vWTq4goAexFbw==",
      "peerDependencies": {
        "vue": "^2.0.0"
      }
    }
  },
  "dependencies": {
    "@vuelidate/core": {
      "version": "2.0.0-alpha.32",
      "resolved": "https://registry.npmjs.org/@vuelidate/core/-/core-2.0.0-alpha.32.tgz",
      "integrity": "sha512-bB5YJzorKZyRm+R4d3svGChwpHjPw+ECOLwlKfvKJIuyC+y25Wf7NGbr/9odZggoGTi/rKPUYXhpbp5RXb4ssw==",
      "requires": {
        "vue-demi": "^0.12.0"
      }
    },
    "@vuelidate/validators": {
      "version": "2.0.0-alpha.25",
      "resolved": "https://registry.npmjs.org/@vuelidate/validators/-/validators-2.0.0-alpha.25.tgz",
      "integrity": "sha512-+Cz9itIlPbloXE8hWmTWCS/EXYdgZ0y/mH76v9Ou0ILirVUjErTtgEx/jCfkijbFJAttBTdwJmxaWakwQuA0qA==",
      "requires": {
        "vue-demi": "^0.12.0"
      }
    },
    "vue": {
      "version": "2.6.14",
      "resolved": "https://registry.npmjs.org/vue/-/vue-2.6.14.tgz",
      "integrity": "sha512-x2284lgYvjOMj3Za7kqzRcUSxBboHqtgRE2zlos1qWaOye5yUmHn42LB1250NJBLRwEcdrB0JRwyPTEPhfQjiQ==",
      "peer": true
    },
    "vue-demi": {
      "version": "0.12.1",
      "resolved": "https://registry.npmjs.org/vue-demi/-/vue-demi-0.12.1.tgz",
      "integrity": "sha512-QL3ny+wX8c6Xm1/EZylbgzdoDolye+VpCXRhI2hug9dJTP3OUJ3lmiKN3CsVV3mOJKwFi0nsstbgob0vG7aoIw==",
      "requires": {}
    },
    "vuex": {
      "version": "3.6.2",
      "resolved": "https://registry.npmjs.org/vuex/-/vuex-3.6.2.tgz",
      "integrity": "sha512-ETW44IqCgBpVomy520DT5jf8n0zoCac+sxWnn+hMe/CzaSejb/eVw2YToiXYX+Ex/AuHHia28vWTq4goAexFbw==",
      "requires": {}
    }
  }
}
